
Microsoft Visual Studio Solution File, Format Version 12.00
# Visual Studio Version 16
VisualStudioVersion = 16.0.29424.173
MinimumVisualStudioVersion = 10.0.40219.1
Project("{00D1A9C2-B5F0-4AF3-8072-F6C62B433612}") = "Tutorat.Sql", "Tutorat.Sql\Tutorat.Sql.sqlproj", "{66BDE69B-319C-4F11-B7BB-28CA93A3473E}"
EndProject
Global
	GlobalSection(SolutionConfigurationPlatforms) = preSolution
		Debug|Any CPU = Debug|Any CPU
		Release|Any CPU = Release|Any CPU
	EndGlobalSection
	GlobalSection(ProjectConfigurationPlatforms) = postSolution
		{66BDE69B-319C-4F11-B7BB-28CA93A3473E}.Debug|Any CPU.ActiveCfg = Debug|Any CPU
		{66BDE69B-319C-4F11-B7BB-28CA93A3473E}.Debug|Any CPU.Build.0 = Debug|Any CPU
		{66BDE69B-319C-4F11-B7BB-28CA93A3473E}.Debug|Any CPU.Deploy.0 = Debug|Any CPU
		{66BDE69B-319C-4F11-B7BB-28CA93A3473E}.Release|Any CPU.ActiveCfg = Release|Any CPU
		{66BDE69B-319C-4F11-B7BB-28CA93A3473E}.Release|Any CPU.Build.0 = Release|Any CPU
		{66BDE69B-319C-4F11-B7BB-28CA93A3473E}.Release|Any CPU.Deploy.0 = Release|Any CPU
	EndGlobalSection
	GlobalSection(SolutionProperties) = preSolution
		HideSolutionNode = FALSE
	EndGlobalSection
	GlobalSection(ExtensibilityGlobals) = postSolution
		SolutionGuid = {ED942ADF-9EED-41E8-82FE-AFB7B8F5DE89}
	EndGlobalSection
EndGlobal
